
Microsoft Visual Studio Solution File, Format Version 12.00
# Visual Studio Version 17
VisualStudioVersion = 17.6.33723.286
MinimumVisualStudioVersion = 10.0.40219.1
Project("{FAE04EC0-301F-11D3-BF4B-00C04F79EFBC}") = "numeroMayorMenor", "numeroMayorMenor\numeroMayorMenor.csproj", "{AA22DB5B-EB83-48EB-893E-9CD4CFA8D131}"
EndProject
Global
	GlobalSection(SolutionConfigurationPlatforms) = preSolution
		Debug|Any CPU = Debug|Any CPU
		Release|Any CPU = Release|Any CPU
	EndGlobalSection
	GlobalSection(ProjectConfigurationPlatforms) = postSolution
		{AA22DB5B-EB83-48EB-893E-9CD4CFA8D131}.Debug|Any CPU.ActiveCfg = Debug|Any CPU
		{AA22DB5B-EB83-48EB-893E-9CD4CFA8D131}.Debug|Any CPU.Build.0 = Debug|Any CPU
		{AA22DB5B-EB83-48EB-893E-9CD4CFA8D131}.Release|Any CPU.ActiveCfg = Release|Any CPU
		{AA22DB5B-EB83-48EB-893E-9CD4CFA8D131}.Release|Any CPU.Build.0 = Release|Any CPU
	EndGlobalSection
	GlobalSection(SolutionProperties) = preSolution
		HideSolutionNode = FALSE
	EndGlobalSection
	GlobalSection(ExtensibilityGlobals) = postSolution
		SolutionGuid = {C3FBC53D-C8BC-4F58-90D7-F16C795E9BBF}
	EndGlobalSection
EndGlobal
